
Microsoft Visual Studio Solution File, Format Version 11.00
# Visual C# Express 2010
Project("{FAE04EC0-301F-11D3-BF4B-00C04F79EFBC}") = "schismTDdev", "schismTDdev\schismTDdev.csproj", "{41A11672-2CA3-4E97-84FD-A0900AD7042D}"
EndProject
Project("{FAE04EC0-301F-11D3-BF4B-00C04F79EFBC}") = "schismTD", "schismTD\schismTD.csproj", "{F15D3B20-9EC5-456C-B5F6-CF0D3571914D}"
EndProject
Global
	GlobalSection(SolutionConfigurationPlatforms) = preSolution
		Debug|Any CPU = Debug|Any CPU
		Debug|Mixed Platforms = Debug|Mixed Platforms
		Debug|x86 = Debug|x86
		Release|Any CPU = Release|Any CPU
		Release|Mixed Platforms = Release|Mixed Platforms
		Release|x86 = Release|x86
	EndGlobalSection
	GlobalSection(ProjectConfigurationPlatforms) = postSolution
		{41A11672-2CA3-4E97-84FD-A0900AD7042D}.Debug|Any CPU.ActiveCfg = Debug|x86
		{41A11672-2CA3-4E97-84FD-A0900AD7042D}.Debug|Mixed Platforms.ActiveCfg = Debug|x86
		{41A11672-2CA3-4E97-84FD-A0900AD7042D}.Debug|Mixed Platforms.Build.0 = Debug|x86
		{41A11672-2CA3-4E97-84FD-A0900AD7042D}.Debug|x86.ActiveCfg = Debug|x86
		{41A11672-2CA3-4E97-84FD-A0900AD7042D}.Debug|x86.Build.0 = Debug|x86
		{41A11672-2CA3-4E97-84FD-A0900AD7042D}.Release|Any CPU.ActiveCfg = Release|x86
		{41A11672-2CA3-4E97-84FD-A0900AD7042D}.Release|Mixed Platforms.ActiveCfg = Release|x86
		{41A11672-2CA3-4E97-84FD-A0900AD7042D}.Release|Mixed Platforms.Build.0 = Release|x86
		{41A11672-2CA3-4E97-84FD-A0900AD7042D}.Release|x86.ActiveCfg = Release|x86
		{41A11672-2CA3-4E97-84FD-A0900AD7042D}.Release|x86.Build.0 = Release|x86
		{F15D3B20-9EC5-456C-B5F6-CF0D3571914D}.Debug|Any CPU.ActiveCfg = Debug|Any CPU
		{F15D3B20-9EC5-456C-B5F6-CF0D3571914D}.Debug|Any CPU.Build.0 = Debug|Any CPU
		{F15D3B20-9EC5-456C-B5F6-CF0D3571914D}.Debug|Mixed Platforms.ActiveCfg = Debug|Any CPU
		{F15D3B20-9EC5-456C-B5F6-CF0D3571914D}.Debug|Mixed Platforms.Build.0 = Debug|Any CPU
		{F15D3B20-9EC5-456C-B5F6-CF0D3571914D}.Debug|x86.ActiveCfg = Debug|Any CPU
		{F15D3B20-9EC5-456C-B5F6-CF0D3571914D}.Release|Any CPU.ActiveCfg = Release|Any CPU
		{F15D3B20-9EC5-456C-B5F6-CF0D3571914D}.Release|Any CPU.Build.0 = Release|Any CPU
		{F15D3B20-9EC5-456C-B5F6-CF0D3571914D}.Release|Mixed Platforms.ActiveCfg = Release|Any CPU
		{F15D3B20-9EC5-456C-B5F6-CF0D3571914D}.Release|Mixed Platforms.Build.0 = Release|Any CPU
		{F15D3B20-9EC5-456C-B5F6-CF0D3571914D}.Release|x86.ActiveCfg = Release|Any CPU
	EndGlobalSection
	GlobalSection(SolutionProperties) = preSolution
		HideSolutionNode = FALSE
	EndGlobalSection
EndGlobal
